
Microsoft Visual Studio Solution File, Format Version 12.00
# Visual Studio Version 17
VisualStudioVersion = 17.8.34322.80
MinimumVisualStudioVersion = 10.0.40219.1
Project("{FAE04EC0-301F-11D3-BF4B-00C04F79EFBC}") = "KlarnetTest", "KlarnetTest\KlarnetTest.csproj", "{C538500A-228D-491C-B988-BB7CA950FD0F}"
EndProject
Global
	GlobalSection(SolutionConfigurationPlatforms) = preSolution
		Debug|Any CPU = Debug|Any CPU
		Release|Any CPU = Release|Any CPU
	EndGlobalSection
	GlobalSection(ProjectConfigurationPlatforms) = postSolution
		{C538500A-228D-491C-B988-BB7CA950FD0F}.Debug|Any CPU.ActiveCfg = Debug|Any CPU
		{C538500A-228D-491C-B988-BB7CA950FD0F}.Debug|Any CPU.Build.0 = Debug|Any CPU
		{C538500A-228D-491C-B988-BB7CA950FD0F}.Release|Any CPU.ActiveCfg = Release|Any CPU
		{C538500A-228D-491C-B988-BB7CA950FD0F}.Release|Any CPU.Build.0 = Release|Any CPU
	EndGlobalSection
	GlobalSection(SolutionProperties) = preSolution
		HideSolutionNode = FALSE
	EndGlobalSection
	GlobalSection(ExtensibilityGlobals) = postSolution
		SolutionGuid = {4E143110-4E67-42E7-BB87-A130DFD10407}
	EndGlobalSection
EndGlobal
